PODS:
  - Flutter (1.0.0)
  - "location_permissions (2.0.4+1)":
    - Flutter
  - notificare-push-lib (2.4.0)
  - notificare_push_lib (2.4.0):
    - Flutter
    - notificare-push-lib (= 2.4.0)

DEPENDENCIES:
  - Flutter (from `Flutter`)
  - location_permissions (from `.symlinks/plugins/location_permissions/ios`)
  - notificare_push_lib (from `.symlinks/plugins/notificare_push_lib/ios`)

SPEC REPOS:
  trunk:
    - notificare-push-lib

EXTERNAL SOURCES:
  Flutter:
    :path: Flutter
  location_permissions:
    :path: ".symlinks/plugins/location_permissions/ios"
  notificare_push_lib:
    :path: ".symlinks/plugins/notificare_push_lib/ios"

SPEC CHECKSUMS:
  Flutter: 0e3d915762c693b495b44d77113d4970485de6ec
  location_permissions: 360d12ecd1c94a4cab68585f508be1d5ad944c8b
  notificare-push-lib: 3f60eb8acaf72d79d4b56e23b2aca23147928acd
  notificare_push_lib: 222b929a4021ae95dd810e5b44db29e50917f4fd

PODFILE CHECKSUM: 8e679eca47255a8ca8067c4c67aab20e64cb974d

COCOAPODS: 1.9.3
