PODS:
  - Flutter (1.0.0)
  - location_permissions (2.0.2):
    - Flutter
  - notificare-push-lib (2.2.0)
  - notificare_push_lib (2.0.0):
    - Flutter
    - notificare-push-lib (= 2.2.0)

DEPENDENCIES:
  - Flutter (from `.symlinks/flutter/ios`)
  - location_permissions (from `.symlinks/plugins/location_permissions/ios`)
  - notificare_push_lib (from `.symlinks/plugins/notificare_push_lib/ios`)

SPEC REPOS:
  https://github.com/cocoapods/specs.git:
    - notificare-push-lib

EXTERNAL SOURCES:
  Flutter:
    :path: ".symlinks/flutter/ios"
  location_permissions:
    :path: ".symlinks/plugins/location_permissions/ios"
  notificare_push_lib:
    :path: ".symlinks/plugins/notificare_push_lib/ios"

SPEC CHECKSUMS:
  Flutter: 0e3d915762c693b495b44d77113d4970485de6ec
  location_permissions: 67cfaff583afbb027a9f9248196f4b79c40f3cdc
  notificare-push-lib: 6e608778402f17bcd5033716c1ac310b9451d70f
  notificare_push_lib: f148c2e09e3d1772ac6232dd7080b26b04b3b9c4

PODFILE CHECKSUM: aff02bfeed411c636180d6812254b2daeea14d09

COCOAPODS: 1.7.5
